
Microsoft Visual Studio Solution File, Format Version 12.00
# Visual Studio Version 17
VisualStudioVersion = 17.7.34031.279
MinimumVisualStudioVersion = 10.0.40219.1
Project("{2150E333-8FDC-42A3-9474-1A3956D46DE8}") = "src", "src", "{F43BD650-F5A4-4FEA-9601-E43BC6573E17}"
EndProject
Project("{2150E333-8FDC-42A3-9474-1A3956D46DE8}") = "tests", "tests", "{32C90AB2-7BBB-4DD7-95AA-3CED8A129BA4}"
EndProject
Project("{FAE04EC0-301F-11D3-BF4B-00C04F79EFBC}") = "ProjectManagementSystem.Core", "ProjectManagementSystem.Core\ProjectManagementSystem.Core.csproj", "{8F42AE10-1BAB-4470-83A1-270EF314EED2}"
EndProject
Project("{FAE04EC0-301F-11D3-BF4B-00C04F79EFBC}") = "ProjectManagementSystem.Application", "ProjectManagementSystem.Application\ProjectManagementSystem.Application.csproj", "{0BC9A09E-5FD8-42C1-87EE-E3B36487AFA0}"
EndProject
Project("{FAE04EC0-301F-11D3-BF4B-00C04F79EFBC}") = "ProjectManagementSystem.Infrastructure", "ProjectManagementSystem.Infrastructure\ProjectManagementSystem.Infrastructure.csproj", "{88F8AFC1-128D-4A1E-86D9-6619319896E5}"
EndProject
Project("{FAE04EC0-301F-11D3-BF4B-00C04F79EFBC}") = "ProjectManagementSystem.Presentation", "ProjectManagementSystem.Presentation\ProjectManagementSystem.Presentation.csproj", "{78CDFEC2-2D61-4503-BAB9-66297C82941E}"
EndProject
Project("{2150E333-8FDC-42A3-9474-1A3956D46DE8}") = "API", "API", "{14427915-B7CD-4E08-87D7-6DF2A88D4975}"
EndProject
Project("{FAE04EC0-301F-11D3-BF4B-00C04F79EFBC}") = "ProjectManagementSystem.Api", "ProjectManagementSystem.Api\ProjectManagementSystem.Api.csproj", "{2A1BEB3C-2973-4572-B931-20C849F9C45A}"
EndProject
Global
	GlobalSection(SolutionConfigurationPlatforms) = preSolution
		Debug|Any CPU = Debug|Any CPU
		Release|Any CPU = Release|Any CPU
	EndGlobalSection
	GlobalSection(ProjectConfigurationPlatforms) = postSolution
		{8F42AE10-1BAB-4470-83A1-270EF314EED2}.Debug|Any CPU.ActiveCfg = Debug|Any CPU
		{8F42AE10-1BAB-4470-83A1-270EF314EED2}.Debug|Any CPU.Build.0 = Debug|Any CPU
		{8F42AE10-1BAB-4470-83A1-270EF314EED2}.Release|Any CPU.ActiveCfg = Release|Any CPU
		{8F42AE10-1BAB-4470-83A1-270EF314EED2}.Release|Any CPU.Build.0 = Release|Any CPU
		{0BC9A09E-5FD8-42C1-87EE-E3B36487AFA0}.Debug|Any CPU.ActiveCfg = Debug|Any CPU
		{0BC9A09E-5FD8-42C1-87EE-E3B36487AFA0}.Debug|Any CPU.Build.0 = Debug|Any CPU
		{0BC9A09E-5FD8-42C1-87EE-E3B36487AFA0}.Release|Any CPU.ActiveCfg = Release|Any CPU
		{0BC9A09E-5FD8-42C1-87EE-E3B36487AFA0}.Release|Any CPU.Build.0 = Release|Any CPU
		{88F8AFC1-128D-4A1E-86D9-6619319896E5}.Debug|Any CPU.ActiveCfg = Debug|Any CPU
		{88F8AFC1-128D-4A1E-86D9-6619319896E5}.Debug|Any CPU.Build.0 = Debug|Any CPU
		{88F8AFC1-128D-4A1E-86D9-6619319896E5}.Release|Any CPU.ActiveCfg = Release|Any CPU
		{88F8AFC1-128D-4A1E-86D9-6619319896E5}.Release|Any CPU.Build.0 = Release|Any CPU
		{78CDFEC2-2D61-4503-BAB9-66297C82941E}.Debug|Any CPU.ActiveCfg = Debug|Any CPU
		{78CDFEC2-2D61-4503-BAB9-66297C82941E}.Debug|Any CPU.Build.0 = Debug|Any CPU
		{78CDFEC2-2D61-4503-BAB9-66297C82941E}.Release|Any CPU.ActiveCfg = Release|Any CPU
		{78CDFEC2-2D61-4503-BAB9-66297C82941E}.Release|Any CPU.Build.0 = Release|Any CPU
		{2A1BEB3C-2973-4572-B931-20C849F9C45A}.Debug|Any CPU.ActiveCfg = Debug|Any CPU
		{2A1BEB3C-2973-4572-B931-20C849F9C45A}.Debug|Any CPU.Build.0 = Debug|Any CPU
		{2A1BEB3C-2973-4572-B931-20C849F9C45A}.Release|Any CPU.ActiveCfg = Release|Any CPU
		{2A1BEB3C-2973-4572-B931-20C849F9C45A}.Release|Any CPU.Build.0 = Release|Any CPU
	EndGlobalSection
	GlobalSection(SolutionProperties) = preSolution
		HideSolutionNode = FALSE
	EndGlobalSection
	GlobalSection(NestedProjects) = preSolution
		{8F42AE10-1BAB-4470-83A1-270EF314EED2} = {F43BD650-F5A4-4FEA-9601-E43BC6573E17}
		{0BC9A09E-5FD8-42C1-87EE-E3B36487AFA0} = {F43BD650-F5A4-4FEA-9601-E43BC6573E17}
		{88F8AFC1-128D-4A1E-86D9-6619319896E5} = {F43BD650-F5A4-4FEA-9601-E43BC6573E17}
		{78CDFEC2-2D61-4503-BAB9-66297C82941E} = {F43BD650-F5A4-4FEA-9601-E43BC6573E17}
		{14427915-B7CD-4E08-87D7-6DF2A88D4975} = {F43BD650-F5A4-4FEA-9601-E43BC6573E17}
		{2A1BEB3C-2973-4572-B931-20C849F9C45A} = {14427915-B7CD-4E08-87D7-6DF2A88D4975}
	EndGlobalSection
	GlobalSection(ExtensibilityGlobals) = postSolution
		SolutionGuid = {48321867-67DE-4215-8D73-20A059B65280}
	EndGlobalSection
EndGlobal
